// !$*UTF8*$!
{
	archiveVersion = 1;
	classes = {
	};
	objectVersion = 46;
	objects = {

/* Begin PBXBuildFile section */
		140710A51B7A8DD900F731EB /* DateExtensions.swift in Sources */ = {isa = PBXBuildFile; fileRef = 140710A41B7A8DD900F731EB /* DateExtensions.swift */; };
		140DED0B1B62C6CB001F6A3F /* Settings.bundle in Resources */ = {isa = PBXBuildFile; fileRef = 140DED0A1B62C6CB001F6A3F /* Settings.bundle */; };
		140DED121B67C693001F6A3F /* Rule.swift in Sources */ = {isa = PBXBuildFile; fileRef = 140DED111B67C693001F6A3F /* Rule.swift */; };
		140DED141B67C6C0001F6A3F /* RequiredRule.swift in Sources */ = {isa = PBXBuildFile; fileRef = 140DED131B67C6C0001F6A3F /* RequiredRule.swift */; };
		140DED161B67C703001F6A3F /* RegexRule.swift in Sources */ = {isa = PBXBuildFile; fileRef = 140DED151B67C703001F6A3F /* RegexRule.swift */; };
		140DED181B67CBE0001F6A3F /* Validator.swift in Sources */ = {isa = PBXBuildFile; fileRef = 140DED171B67CBE0001F6A3F /* Validator.swift */; };
		140DED1A1B67CC0C001F6A3F /* ValidationError.swift in Sources */ = {isa = PBXBuildFile; fileRef = 140DED191B67CC0C001F6A3F /* ValidationError.swift */; };
		140DED1C1B67CC41001F6A3F /* ValidationRule.swift in Sources */ = {isa = PBXBuildFile; fileRef = 140DED1B1B67CC41001F6A3F /* ValidationRule.swift */; };
		140DED1E1B67CFE6001F6A3F /* PinRule.swift in Sources */ = {isa = PBXBuildFile; fileRef = 140DED1D1B67CFE6001F6A3F /* PinRule.swift */; };
		140DED201B67D380001F6A3F /* MinLengthRule.swift in Sources */ = {isa = PBXBuildFile; fileRef = 140DED1F1B67D380001F6A3F /* MinLengthRule.swift */; };
		140DED221B681741001F6A3F /* CoreDataTestCase.swift in Sources */ = {isa = PBXBuildFile; fileRef = 140DED211B681741001F6A3F /* CoreDataTestCase.swift */; };
		140DED241B68179F001F6A3F /* MetaDataTest.swift in Sources */ = {isa = PBXBuildFile; fileRef = 140DED231B68179F001F6A3F /* MetaDataTest.swift */; };
		140DED251B6817DB001F6A3F /* MetaData.swift in Sources */ = {isa = PBXBuildFile; fileRef = 14983CEC1B557B340059A5CA /* MetaData.swift */; };
		140DED271B69CE68001F6A3F /* Content.swift in Sources */ = {isa = PBXBuildFile; fileRef = 140DED261B69CE68001F6A3F /* Content.swift */; };
		140DED291B69CED6001F6A3F /* Category.swift in Sources */ = {isa = PBXBuildFile; fileRef = 140DED281B69CED6001F6A3F /* Category.swift */; };
		140DED2F1B6AA32B001F6A3F /* ProfileViewController.swift in Sources */ = {isa = PBXBuildFile; fileRef = 140DED2E1B6AA32B001F6A3F /* ProfileViewController.swift */; };
		140DED311B6BB002001F6A3F /* PhoneNumberRule.swift in Sources */ = {isa = PBXBuildFile; fileRef = 140DED301B6BB002001F6A3F /* PhoneNumberRule.swift */; };
		1478409F1BCD8FDB00F8EEFF /* TrackerResponse.swift in Sources */ = {isa = PBXBuildFile; fileRef = 1478409D1BCD8FDB00F8EEFF /* TrackerResponse.swift */; settings = {ASSET_TAGS = (); }; };
		147840A11BCDA0D500F8EEFF /* TrackerResponseItemsDTO.swift in Sources */ = {isa = PBXBuildFile; fileRef = 147840A01BCDA0D500F8EEFF /* TrackerResponseItemsDTO.swift */; settings = {ASSET_TAGS = (); }; };
		14896B8B1BB3412100AC693D /* StringExtensions.swift in Sources */ = {isa = PBXBuildFile; fileRef = 14896B8A1BB3412100AC693D /* StringExtensions.swift */; settings = {ASSET_TAGS = (); }; };
		14896B8F1BB5D81000AC693D /* ICMSHelper.swift in Sources */ = {isa = PBXBuildFile; fileRef = 14896B8E1BB5D81000AC693D /* ICMSHelper.swift */; settings = {ASSET_TAGS = (); }; };
		14896B911BB6134F00AC693D /* ValidationHelper.swift in Sources */ = {isa = PBXBuildFile; fileRef = 14896B901BB6134F00AC693D /* ValidationHelper.swift */; settings = {ASSET_TAGS = (); }; };
		14896B931BB7258900AC693D /* QuestionHelper.swift in Sources */ = {isa = PBXBuildFile; fileRef = 14896B921BB7258900AC693D /* QuestionHelper.swift */; settings = {ASSET_TAGS = (); }; };
		14896B971BB8984600AC693D /* DataManagerBase.swift in Sources */ = {isa = PBXBuildFile; fileRef = 14896B961BB8984600AC693D /* DataManagerBase.swift */; settings = {ASSET_TAGS = (); }; };
		148F17FD1BA7317800AD95A2 /* AboutMeResponse.swift in Sources */ = {isa = PBXBuildFile; fileRef = 148F17FC1BA7317800AD95A2 /* AboutMeResponse.swift */; };
		148F17FF1BAC988800AD95A2 /* AboutMeResponseItemsDTO.swift in Sources */ = {isa = PBXBuildFile; fileRef = 148F17FE1BAC988800AD95A2 /* AboutMeResponseItemsDTO.swift */; };
		14983CC91B557A170059A5CA /* AppDelegate.swift in Sources */ = {isa = PBXBuildFile; fileRef = 14983CC81B557A170059A5CA /* AppDelegate.swift */; };
		14983CCC1B557A170059A5CA /* Headzup.xcdatamodeld in Sources */ = {isa = PBXBuildFile; fileRef = 14983CCA1B557A170059A5CA /* Headzup.xcdatamodeld */; };
		14983CCE1B557A170059A5CA /* ViewController.swift in Sources */ = {isa = PBXBuildFile; fileRef = 14983CCD1B557A170059A5CA /* ViewController.swift */; };
		14983CD11B557A170059A5CA /* Main.storyboard in Resources */ = {isa = PBXBuildFile; fileRef = 14983CCF1B557A170059A5CA /* Main.storyboard */; };
		14983CD31B557A170059A5CA /* Images.xcassets in Resources */ = {isa = PBXBuildFile; fileRef = 14983CD21B557A170059A5CA /* Images.xcassets */; };
		14983CD61B557A170059A5CA /* LaunchScreen.xib in Resources */ = {isa = PBXBuildFile; fileRef = 14983CD41B557A170059A5CA /* LaunchScreen.xib */; };
		14983CE21B557A170059A5CA /* HeadzupTests.swift in Sources */ = {isa = PBXBuildFile; fileRef = 14983CE11B557A170059A5CA /* HeadzupTests.swift */; };
		14983CED1B557B340059A5CA /* MetaData.swift in Sources */ = {isa = PBXBuildFile; fileRef = 14983CEC1B557B340059A5CA /* MetaData.swift */; };
		14983CEF1B557B910059A5CA /* DataManager.swift in Sources */ = {isa = PBXBuildFile; fileRef = 14983CEE1B557B910059A5CA /* DataManager.swift */; };
		14983CF11B557C2D0059A5CA /* ServiceManager.swift in Sources */ = {isa = PBXBuildFile; fileRef = 14983CF01B557C2D0059A5CA /* ServiceManager.swift */; };
		14983CF31B557CA60059A5CA /* ApplicationData.swift in Sources */ = {isa = PBXBuildFile; fileRef = 14983CF21B557CA60059A5CA /* ApplicationData.swift */; };
		14983CF61B557ECB0059A5CA /* CryptoUtility.swift in Sources */ = {isa = PBXBuildFile; fileRef = 14983CF51B557ECB0059A5CA /* CryptoUtility.swift */; };
		14983D131B5586950059A5CA /* AES.swift in Sources */ = {isa = PBXBuildFile; fileRef = 14983CF71B5586950059A5CA /* AES.swift */; };
		14983D141B5586950059A5CA /* ArrayExtension.swift in Sources */ = {isa = PBXBuildFile; fileRef = 14983CF81B5586950059A5CA /* ArrayExtension.swift */; };
		14983D151B5586950059A5CA /* Authenticator.swift in Sources */ = {isa = PBXBuildFile; fileRef = 14983CF91B5586950059A5CA /* Authenticator.swift */; };
		14983D161B5586950059A5CA /* BitExtension.swift in Sources */ = {isa = PBXBuildFile; fileRef = 14983CFA1B5586950059A5CA /* BitExtension.swift */; };
		14983D171B5586950059A5CA /* ChaCha20.swift in Sources */ = {isa = PBXBuildFile; fileRef = 14983CFB1B5586950059A5CA /* ChaCha20.swift */; };
		14983D181B5586950059A5CA /* Cipher.swift in Sources */ = {isa = PBXBuildFile; fileRef = 14983CFC1B5586950059A5CA /* Cipher.swift */; };
		14983D191B5586950059A5CA /* CipherBlockMode.swift in Sources */ = {isa = PBXBuildFile; fileRef = 14983CFD1B5586950059A5CA /* CipherBlockMode.swift */; };
		14983D1A1B5586950059A5CA /* CRC.swift in Sources */ = {isa = PBXBuildFile; fileRef = 14983CFE1B5586950059A5CA /* CRC.swift */; };
		14983D1B1B5586950059A5CA /* Hash.swift in Sources */ = {isa = PBXBuildFile; fileRef = 14983D001B5586950059A5CA /* Hash.swift */; };
		14983D1C1B5586950059A5CA /* HashBase.swift in Sources */ = {isa = PBXBuildFile; fileRef = 14983D011B5586950059A5CA /* HashBase.swift */; };
		14983D1D1B5586950059A5CA /* HMAC.swift in Sources */ = {isa = PBXBuildFile; fileRef = 14983D021B5586950059A5CA /* HMAC.swift */; };
		14983D1E1B5586950059A5CA /* IntExtension.swift in Sources */ = {isa = PBXBuildFile; fileRef = 14983D031B5586950059A5CA /* IntExtension.swift */; };
		14983D1F1B5586950059A5CA /* MD5.swift in Sources */ = {isa = PBXBuildFile; fileRef = 14983D041B5586950059A5CA /* MD5.swift */; };
		14983D201B5586950059A5CA /* NSDataExtension.swift in Sources */ = {isa = PBXBuildFile; fileRef = 14983D051B5586950059A5CA /* NSDataExtension.swift */; };
		14983D211B5586950059A5CA /* Operators.swift in Sources */ = {isa = PBXBuildFile; fileRef = 14983D061B5586950059A5CA /* Operators.swift */; };
		14983D221B5586950059A5CA /* Padding.swift in Sources */ = {isa = PBXBuildFile; fileRef = 14983D071B5586950059A5CA /* Padding.swift */; };
		14983D231B5586950059A5CA /* PKCS7.swift in Sources */ = {isa = PBXBuildFile; fileRef = 14983D081B5586950059A5CA /* PKCS7.swift */; };
		14983D241B5586950059A5CA /* Poly1305.swift in Sources */ = {isa = PBXBuildFile; fileRef = 14983D091B5586950059A5CA /* Poly1305.swift */; };
		14983D251B5586950059A5CA /* SHA1.swift in Sources */ = {isa = PBXBuildFile; fileRef = 14983D0A1B5586950059A5CA /* SHA1.swift */; };
		14983D261B5586950059A5CA /* SHA2.swift in Sources */ = {isa = PBXBuildFile; fileRef = 14983D0B1B5586950059A5CA /* SHA2.swift */; };
		14983D271B5586950059A5CA /* StringExtension.swift in Sources */ = {isa = PBXBuildFile; fileRef = 14983D0C1B5586950059A5CA /* StringExtension.swift */; };
		14983D281B5586950059A5CA /* UInt8Extension.swift in Sources */ = {isa = PBXBuildFile; fileRef = 14983D0D1B5586950059A5CA /* UInt8Extension.swift */; };
		14983D291B5586950059A5CA /* UInt16Extension.swift in Sources */ = {isa = PBXBuildFile; fileRef = 14983D0E1B5586950059A5CA /* UInt16Extension.swift */; };
		14983D2A1B5586950059A5CA /* UInt32Extension.swift in Sources */ = {isa = PBXBuildFile; fileRef = 14983D0F1B5586950059A5CA /* UInt32Extension.swift */; };
		14983D2B1B5586950059A5CA /* UInt64Extension.swift in Sources */ = {isa = PBXBuildFile; fileRef = 14983D101B5586950059A5CA /* UInt64Extension.swift */; };
		14983D2D1B5586950059A5CA /* Utils.swift in Sources */ = {isa = PBXBuildFile; fileRef = 14983D121B5586950059A5CA /* Utils.swift */; };
		14983D2F1B558EFD0059A5CA /* Generics.swift in Sources */ = {isa = PBXBuildFile; fileRef = 14983D2E1B558EFD0059A5CA /* Generics.swift */; };
		14C1BF2B1B61754400BE78DA /* HeadzupConstants.swift in Sources */ = {isa = PBXBuildFile; fileRef = 14C1BF2A1B61754400BE78DA /* HeadzupConstants.swift */; };
		14C1BF2E1B6178D400BE78DA /* Reachability.m in Sources */ = {isa = PBXBuildFile; fileRef = 14C1BF2D1B6178D400BE78DA /* Reachability.m */; };
		14CDA54C1B7278D500FB040F /* UserActionItemsDTO.swift in Sources */ = {isa = PBXBuildFile; fileRef = 14CDA54B1B7278D500FB040F /* UserActionItemsDTO.swift */; };
		14CDA54E1B72796600FB040F /* TechnicalLogItemsDTO.swift in Sources */ = {isa = PBXBuildFile; fileRef = 14CDA54D1B72796600FB040F /* TechnicalLogItemsDTO.swift */; };
		14CDA5501B727BB000FB040F /* TechnicalLog.swift in Sources */ = {isa = PBXBuildFile; fileRef = 14CDA54F1B727BB000FB040F /* TechnicalLog.swift */; };
		14CDA5521B727BCF00FB040F /* UserActionLog.swift in Sources */ = {isa = PBXBuildFile; fileRef = 14CDA5511B727BCF00FB040F /* UserActionLog.swift */; };
		14CDA5541B728C6100FB040F /* GeneralHelper.swift in Sources */ = {isa = PBXBuildFile; fileRef = 14CDA5531B728C6100FB040F /* GeneralHelper.swift */; };
		14DAF7541B7A5E2E00A4AB4D /* FavoriteItemsDTO.swift in Sources */ = {isa = PBXBuildFile; fileRef = 14DAF7531B7A5E2E00A4AB4D /* FavoriteItemsDTO.swift */; };
		14DAF7561B7A81AA00A4AB4D /* ContentGroup.swift in Sources */ = {isa = PBXBuildFile; fileRef = 14DAF7551B7A81AA00A4AB4D /* ContentGroup.swift */; };
		14E8E07B1BBDDCA60058474F /* SynchHelper.swift in Sources */ = {isa = PBXBuildFile; fileRef = 14E8E07A1BBDDCA60058474F /* SynchHelper.swift */; settings = {ASSET_TAGS = (); }; };
		5700DB271B839A23004796AE /* DemoAudio.mp3 in Resources */ = {isa = PBXBuildFile; fileRef = 5700DB261B839A23004796AE /* DemoAudio.mp3 */; };
		57316B951BD6AEC1008DE5E8 /* HAReasonTableViewController.swift in Sources */ = {isa = PBXBuildFile; fileRef = 57316B941BD6AEC1008DE5E8 /* HAReasonTableViewController.swift */; settings = {ASSET_TAGS = (); }; };
		5747DE541B66E0530054AC96 /* HomeViewController.swift in Sources */ = {isa = PBXBuildFile; fileRef = 5747DE531B66E0530054AC96 /* HomeViewController.swift */; };
		5747DE561B66E0630054AC96 /* PinViewController.swift in Sources */ = {isa = PBXBuildFile; fileRef = 5747DE551B66E0630054AC96 /* PinViewController.swift */; };
		5753D85B1BB1F76700378332 /* ContextManager.swift in Sources */ = {isa = PBXBuildFile; fileRef = 5753D85A1BB1F76700378332 /* ContextManager.swift */; settings = {ASSET_TAGS = (); }; };
		5753D85D1BB33ACC00378332 /* NetworkOperation.swift in Sources */ = {isa = PBXBuildFile; fileRef = 5753D85C1BB33ACC00378332 /* NetworkOperation.swift */; settings = {ASSET_TAGS = (); }; };
		575B65471BC6CDFC008F1368 /* TrackerViewController.swift in Sources */ = {isa = PBXBuildFile; fileRef = 575B65461BC6CDFC008F1368 /* TrackerViewController.swift */; settings = {ASSET_TAGS = (); }; };
		575B65491BC71B78008F1368 /* TrackerConfirmViewController.swift in Sources */ = {isa = PBXBuildFile; fileRef = 575B65481BC71B78008F1368 /* TrackerConfirmViewController.swift */; settings = {ASSET_TAGS = (); }; };
		5771466B1B9F648200BBD8E4 /* AboutMeViewController.swift in Sources */ = {isa = PBXBuildFile; fileRef = 5771466A1B9F648200BBD8E4 /* AboutMeViewController.swift */; };
		5771466F1B9F862300BBD8E4 /* AboutMeTableViewController.swift in Sources */ = {isa = PBXBuildFile; fileRef = 5771466E1B9F862300BBD8E4 /* AboutMeTableViewController.swift */; };
		577146711BA0DD2500BBD8E4 /* SubTableCell.swift in Sources */ = {isa = PBXBuildFile; fileRef = 577146701BA0DD2500BBD8E4 /* SubTableCell.swift */; };
		577146731BA7C97300BBD8E4 /* AccountTableViewController.swift in Sources */ = {isa = PBXBuildFile; fileRef = 577146721BA7C97300BBD8E4 /* AccountTableViewController.swift */; };
		577146751BA89FE400BBD8E4 /* NameChangeViewController.swift in Sources */ = {isa = PBXBuildFile; fileRef = 577146741BA89FE400BBD8E4 /* NameChangeViewController.swift */; };
		577146771BA8AE2100BBD8E4 /* AcountViewController.swift in Sources */ = {isa = PBXBuildFile; fileRef = 577146761BA8AE2100BBD8E4 /* AcountViewController.swift */; };
		577146791BA9C0FF00BBD8E4 /* PreventionsSubTableViewController.swift in Sources */ = {isa = PBXBuildFile; fileRef = 577146781BA9C0FF00BBD8E4 /* PreventionsSubTableViewController.swift */; };
		5787923A1B5EE98600A7C6D4 /* SplashViewController.swift in Sources */ = {isa = PBXBuildFile; fileRef = 578792391B5EE98600A7C6D4 /* SplashViewController.swift */; };
		5787923C1B5EEFA600A7C6D4 /* LoginViewController.swift in Sources */ = {isa = PBXBuildFile; fileRef = 5787923B1B5EEFA600A7C6D4 /* LoginViewController.swift */; };
		5789948D1BCEF25000C315FD /* TrackerTodayTableViewController.swift in Sources */ = {isa = PBXBuildFile; fileRef = 5789948C1BCEF25000C315FD /* TrackerTodayTableViewController.swift */; settings = {ASSET_TAGS = (); }; };
		579182981B6EC294004ACFDD /* LogInHelper.swift in Sources */ = {isa = PBXBuildFile; fileRef = 579182971B6EC294004ACFDD /* LogInHelper.swift */; };
		5791829A1B6EC853004ACFDD /* NotificationTests.swift in Sources */ = {isa = PBXBuildFile; fileRef = 579182991B6EC853004ACFDD /* NotificationTests.swift */; };
		579F15031B728B20009488CA /* NotificationHelper.swift in Sources */ = {isa = PBXBuildFile; fileRef = 579F15021B728B20009488CA /* NotificationHelper.swift */; };
		57CD83061BBB0616009CEB72 /* NavigationControllerExtension.swift in Sources */ = {isa = PBXBuildFile; fileRef = 57CD83051BBB0616009CEB72 /* NavigationControllerExtension.swift */; settings = {ASSET_TAGS = (); }; };
		57CD83081BBB0EEE009CEB72 /* GoalReminderSettingViewController.swift in Sources */ = {isa = PBXBuildFile; fileRef = 57CD83071BBB0EEE009CEB72 /* GoalReminderSettingViewController.swift */; settings = {ASSET_TAGS = (); }; };
		57CD830A1BBB0F0F009CEB72 /* TrackerReminderSettingViewController.swift in Sources */ = {isa = PBXBuildFile; fileRef = 57CD83091BBB0F0F009CEB72 /* TrackerReminderSettingViewController.swift */; settings = {ASSET_TAGS = (); }; };
		57CD830C1BBB1056009CEB72 /* CustomDatePicker.swift in Sources */ = {isa = PBXBuildFile; fileRef = 57CD830B1BBB1056009CEB72 /* CustomDatePicker.swift */; settings = {ASSET_TAGS = (); }; };
		57D8BE181B978FBC00D715AB /* FirstAidDetailsViewController.swift in Sources */ = {isa = PBXBuildFile; fileRef = 57D8BE171B978FBC00D715AB /* FirstAidDetailsViewController.swift */; };
		57E1D07B1B83DBBE004D67D3 /* UXHelpers.swift in Sources */ = {isa = PBXBuildFile; fileRef = 57E1D07A1B83DBBE004D67D3 /* UXHelpers.swift */; };
		57E6529B1B5DA6320057803C /* NavigationHelper.swift in Sources */ = {isa = PBXBuildFile; fileRef = 57E6529A1B5DA6320057803C /* NavigationHelper.swift */; };
		57FEAB8C1B8CFE6B0093AFEE /* TrackViewController.swift in Sources */ = {isa = PBXBuildFile; fileRef = 57FEAB8B1B8CFE6B0093AFEE /* TrackViewController.swift */; };
		57FEAB8E1B8CFEC80093AFEE /* FirstAidViewController.swift in Sources */ = {isa = PBXBuildFile; fileRef = 57FEAB8D1B8CFEC80093AFEE /* FirstAidViewController.swift */; };
		57FEAB901B8E54E20093AFEE /* FirstAidView.swift in Sources */ = {isa = PBXBuildFile; fileRef = 57FEAB8F1B8E54E20093AFEE /* FirstAidView.swift */; };
		6A2CEF801B74FE740083B568 /* StrategyListTableViewController.swift in Sources */ = {isa = PBXBuildFile; fileRef = 6A2CEF7F1B74FE740083B568 /* StrategyListTableViewController.swift */; };
		6A2CEF821B7520C70083B568 /* StrategyDetailsViewController.swift in Sources */ = {isa = PBXBuildFile; fileRef = 6A2CEF811B7520C70083B568 /* StrategyDetailsViewController.swift */; };
		6A2CEF851B7A86530083B568 /* CustomButton.swift in Sources */ = {isa = PBXBuildFile; fileRef = 6A2CEF841B7A86530083B568 /* CustomButton.swift */; };
		6AB5BB8F1B710D6B00CF2DAD /* ToolboxViewController.swift in Sources */ = {isa = PBXBuildFile; fileRef = 6AB5BB8E1B710D6B00CF2DAD /* ToolboxViewController.swift */; };
		EF8D8CA63357BCF024679BF3 /* Pods_Headzup.framework in Frameworks */ = {isa = PBXBuildFile; fileRef = 97E081C9EB3F3D4F2E6E00C1 /* Pods_Headzup.framework */; settings = {ATTRIBUTES = (Weak, ); }; };
/* End PBXBuildFile section */

/* Begin PBXContainerItemProxy section */
		14983CDC1B557A170059A5CA /* PBXContainerItemProxy */ = {
			isa = PBXContainerItemProxy;
			containerPortal = 14983CBB1B557A170059A5CA /* Project object */;
			proxyType = 1;
			remoteGlobalIDString = 14983CC21B557A170059A5CA;
			remoteInfo = Headzup;
		};
/* End PBXContainerItemProxy section */

/* Begin PBXFileReference section */
		140710A41B7A8DD900F731EB /* DateExtensions.swift */ = {isa = PBXFileReference; fileEncoding = 4; lastKnownFileType = sourcecode.swift; path = DateExtensions.swift; sourceTree = "<group>"; };
		140DED0A1B62C6CB001F6A3F /* Settings.bundle */ = {isa = PBXFileReference; lastKnownFileType = "wrapper.plug-in"; path = Settings.bundle; sourceTree = "<group>"; };
		140DED111B67C693001F6A3F /* Rule.swift */ = {isa = PBXFileReference; fileEncoding = 4; lastKnownFileType = sourcecode.swift; path = Rule.swift; sourceTree = "<group>"; };
		140DED131B67C6C0001F6A3F /* RequiredRule.swift */ = {isa = PBXFileReference; fileEncoding = 4; lastKnownFileType = sourcecode.swift; path = RequiredRule.swift; sourceTree = "<group>"; };
		140DED151B67C703001F6A3F /* RegexRule.swift */ = {isa = PBXFileReference; fileEncoding = 4; lastKnownFileType = sourcecode.swift; path = RegexRule.swift; sourceTree = "<group>"; };
		140DED171B67CBE0001F6A3F /* Validator.swift */ = {isa = PBXFileReference; fileEncoding = 4; lastKnownFileType = sourcecode.swift; path = Validator.swift; sourceTree = "<group>"; };
		140DED191B67CC0C001F6A3F /* ValidationError.swift */ = {isa = PBXFileReference; fileEncoding = 4; lastKnownFileType = sourcecode.swift; path = ValidationError.swift; sourceTree = "<group>"; };
		140DED1B1B67CC41001F6A3F /* ValidationRule.swift */ = {isa = PBXFileReference; fileEncoding = 4; lastKnownFileType = sourcecode.swift; path = ValidationRule.swift; sourceTree = "<group>"; };
		140DED1D1B67CFE6001F6A3F /* PinRule.swift */ = {isa = PBXFileReference; fileEncoding = 4; lastKnownFileType = sourcecode.swift; path = PinRule.swift; sourceTree = "<group>"; };
		140DED1F1B67D380001F6A3F /* MinLengthRule.swift */ = {isa = PBXFileReference; fileEncoding = 4; lastKnownFileType = sourcecode.swift; path = MinLengthRule.swift; sourceTree = "<group>"; };
		140DED211B681741001F6A3F /* CoreDataTestCase.swift */ = {isa = PBXFileReference; fileEncoding = 4; lastKnownFileType = sourcecode.swift; path = CoreDataTestCase.swift; sourceTree = "<group>"; };
		140DED231B68179F001F6A3F /* MetaDataTest.swift */ = {isa = PBXFileReference; fileEncoding = 4; lastKnownFileType = sourcecode.swift; path = MetaDataTest.swift; sourceTree = "<group>"; };
		140DED261B69CE68001F6A3F /* Content.swift */ = {isa = PBXFileReference; fileEncoding = 4; lastKnownFileType = sourcecode.swift; path = Content.swift; sourceTree = "<group>"; };
		140DED281B69CED6001F6A3F /* Category.swift */ = {isa = PBXFileReference; fileEncoding = 4; lastKnownFileType = sourcecode.swift; path = Category.swift; sourceTree = "<group>"; };
		140DED2E1B6AA32B001F6A3F /* ProfileViewController.swift */ = {isa = PBXFileReference; fileEncoding = 4; lastKnownFileType = sourcecode.swift; path = ProfileViewController.swift; sourceTree = "<group>"; };
		140DED301B6BB002001F6A3F /* PhoneNumberRule.swift */ = {isa = PBXFileReference; fileEncoding = 4; lastKnownFileType = sourcecode.swift; path = PhoneNumberRule.swift; sourceTree = "<group>"; };
		1478409D1BCD8FDB00F8EEFF /* TrackerResponse.swift */ = {isa = PBXFileReference; fileEncoding = 4; lastKnownFileType = sourcecode.swift; path = TrackerResponse.swift; sourceTree = "<group>"; };
		147840A01BCDA0D500F8EEFF /* TrackerResponseItemsDTO.swift */ = {isa = PBXFileReference; fileEncoding = 4; lastKnownFileType = sourcecode.swift; path = TrackerResponseItemsDTO.swift; sourceTree = "<group>"; };
		14896B8A1BB3412100AC693D /* StringExtensions.swift */ = {isa = PBXFileReference; fileEncoding = 4; lastKnownFileType = sourcecode.swift; path = StringExtensions.swift; sourceTree = "<group>"; };
		14896B8E1BB5D81000AC693D /* ICMSHelper.swift */ = {isa = PBXFileReference; fileEncoding = 4; lastKnownFileType = sourcecode.swift; path = ICMSHelper.swift; sourceTree = "<group>"; };
		14896B901BB6134F00AC693D /* ValidationHelper.swift */ = {isa = PBXFileReference; fileEncoding = 4; lastKnownFileType = sourcecode.swift; path = ValidationHelper.swift; sourceTree = "<group>"; };
		14896B921BB7258900AC693D /* QuestionHelper.swift */ = {isa = PBXFileReference; fileEncoding = 4; lastKnownFileType = sourcecode.swift; path = QuestionHelper.swift; sourceTree = "<group>"; };
		14896B961BB8984600AC693D /* DataManagerBase.swift */ = {isa = PBXFileReference; fileEncoding = 4; lastKnownFileType = sourcecode.swift; path = DataManagerBase.swift; sourceTree = "<group>"; };
		148F17FC1BA7317800AD95A2 /* AboutMeResponse.swift */ = {isa = PBXFileReference; fileEncoding = 4; lastKnownFileType = sourcecode.swift; path = AboutMeResponse.swift; sourceTree = "<group>"; };
		148F17FE1BAC988800AD95A2 /* AboutMeResponseItemsDTO.swift */ = {isa = PBXFileReference; fileEncoding = 4; lastKnownFileType = sourcecode.swift; path = AboutMeResponseItemsDTO.swift; sourceTree = "<group>"; };
		14983CC31B557A170059A5CA /* Headzup.app */ = {isa = PBXFileReference; explicitFileType = wrapper.application; includeInIndex = 0; path = Headzup.app; sourceTree = BUILT_PRODUCTS_DIR; };
		14983CC71B557A170059A5CA /* Info.plist */ = {isa = PBXFileReference; lastKnownFileType = text.plist.xml; path = Info.plist; sourceTree = "<group>"; };
		14983CC81B557A170059A5CA /* AppDelegate.swift */ = {isa = PBXFileReference; lastKnownFileType = sourcecode.swift; path = AppDelegate.swift; sourceTree = "<group>"; };
		14983CCB1B557A170059A5CA /* Headzup.xcdatamodel */ = {isa = PBXFileReference; lastKnownFileType = wrapper.xcdatamodel; path = Headzup.xcdatamodel; sourceTree = "<group>"; };
		14983CCD1B557A170059A5CA /* ViewController.swift */ = {isa = PBXFileReference; lastKnownFileType = sourcecode.swift; path = ViewController.swift; sourceTree = "<group>"; };
		14983CD01B557A170059A5CA /* Base */ = {isa = PBXFileReference; lastKnownFileType = file.storyboard; name = Base; path = Base.lproj/Main.storyboard; sourceTree = "<group>"; };
		14983CD21B557A170059A5CA /* Images.xcassets */ = {isa = PBXFileReference; lastKnownFileType = folder.assetcatalog; path = Images.xcassets; sourceTree = "<group>"; };
		14983CD51B557A170059A5CA /* Base */ = {isa = PBXFileReference; lastKnownFileType = file.xib; name = Base; path = Base.lproj/LaunchScreen.xib; sourceTree = "<group>"; };
		14983CDB1B557A170059A5CA /* HeadzupTests.xctest */ = {isa = PBXFileReference; explicitFileType = wrapper.cfbundle; includeInIndex = 0; path = HeadzupTests.xctest; sourceTree = BUILT_PRODUCTS_DIR; };
		14983CE01B557A170059A5CA /* Info.plist */ = {isa = PBXFileReference; lastKnownFileType = text.plist.xml; path = Info.plist; sourceTree = "<group>"; };
		14983CE11B557A170059A5CA /* HeadzupTests.swift */ = {isa = PBXFileReference; lastKnownFileType = sourcecode.swift; path = HeadzupTests.swift; sourceTree = "<group>"; };
		14983CEC1B557B340059A5CA /* MetaData.swift */ = {isa = PBXFileReference; fileEncoding = 4; lastKnownFileType = sourcecode.swift; path = MetaData.swift; sourceTree = "<group>"; };
		14983CEE1B557B910059A5CA /* DataManager.swift */ = {isa = PBXFileReference; fileEncoding = 4; lastKnownFileType = sourcecode.swift; path = DataManager.swift; sourceTree = "<group>"; };
		14983CF01B557C2D0059A5CA /* ServiceManager.swift */ = {isa = PBXFileReference; fileEncoding = 4; lastKnownFileType = sourcecode.swift; path = ServiceManager.swift; sourceTree = "<group>"; };
		14983CF21B557CA60059A5CA /* ApplicationData.swift */ = {isa = PBXFileReference; fileEncoding = 4; lastKnownFileType = sourcecode.swift; path = ApplicationData.swift; sourceTree = "<group>"; };
		14983CF51B557ECB0059A5CA /* CryptoUtility.swift */ = {isa = PBXFileReference; fileEncoding = 4; lastKnownFileType = sourcecode.swift; path = CryptoUtility.swift; sourceTree = "<group>"; };
		14983CF71B5586950059A5CA /* AES.swift */ = {isa = PBXFileReference; fileEncoding = 4; lastKnownFileType = sourcecode.swift; path = AES.swift; sourceTree = "<group>"; };
		14983CF81B5586950059A5CA /* ArrayExtension.swift */ = {isa = PBXFileReference; fileEncoding = 4; lastKnownFileType = sourcecode.swift; path = ArrayExtension.swift; sourceTree = "<group>"; };
		14983CF91B5586950059A5CA /* Authenticator.swift */ = {isa = PBXFileReference; fileEncoding = 4; lastKnownFileType = sourcecode.swift; path = Authenticator.swift; sourceTree = "<group>"; };
		14983CFA1B5586950059A5CA /* BitExtension.swift */ = {isa = PBXFileReference; fileEncoding = 4; lastKnownFileType = sourcecode.swift; path = BitExtension.swift; sourceTree = "<group>"; };
		14983CFB1B5586950059A5CA /* ChaCha20.swift */ = {isa = PBXFileReference; fileEncoding = 4; lastKnownFileType = sourcecode.swift; path = ChaCha20.swift; sourceTree = "<group>"; };
		14983CFC1B5586950059A5CA /* Cipher.swift */ = {isa = PBXFileReference; fileEncoding = 4; lastKnownFileType = sourcecode.swift; path = Cipher.swift; sourceTree = "<group>"; };
		14983CFD1B5586950059A5CA /* CipherBlockMode.swift */ = {isa = PBXFileReference; fileEncoding = 4; lastKnownFileType = sourcecode.swift; path = CipherBlockMode.swift; sourceTree = "<group>"; };
		14983CFE1B5586950059A5CA /* CRC.swift */ = {isa = PBXFileReference; fileEncoding = 4; lastKnownFileType = sourcecode.swift; path = CRC.swift; sourceTree = "<group>"; };
		14983CFF1B5586950059A5CA /* CryptoSwift.h */ = {isa = PBXFileReference; fileEncoding = 4; lastKnownFileType = sourcecode.c.h; path = CryptoSwift.h; sourceTree = "<group>"; };
		14983D001B5586950059A5CA /* Hash.swift */ = {isa = PBXFileReference; fileEncoding = 4; lastKnownFileType = sourcecode.swift; path = Hash.swift; sourceTree = "<group>"; };
		14983D011B5586950059A5CA /* HashBase.swift */ = {isa = PBXFileReference; fileEncoding = 4; lastKnownFileType = sourcecode.swift; path = HashBase.swift; sourceTree = "<group>"; };
		14983D021B5586950059A5CA /* HMAC.swift */ = {isa = PBXFileReference; fileEncoding = 4; lastKnownFileType = sourcecode.swift; path = HMAC.swift; sourceTree = "<group>"; };
		14983D031B5586950059A5CA /* IntExtension.swift */ = {isa = PBXFileReference; fileEncoding = 4; lastKnownFileType = sourcecode.swift; path = IntExtension.swift; sourceTree = "<group>"; };
		14983D041B5586950059A5CA /* MD5.swift */ = {isa = PBXFileReference; fileEncoding = 4; lastKnownFileType = sourcecode.swift; path = MD5.swift; sourceTree = "<group>"; };
		14983D051B5586950059A5CA /* NSDataExtension.swift */ = {isa = PBXFileReference; fileEncoding = 4; lastKnownFileType = sourcecode.swift; path = NSDataExtension.swift; sourceTree = "<group>"; };
		14983D061B5586950059A5CA /* Operators.swift */ = {isa = PBXFileReference; fileEncoding = 4; lastKnownFileType = sourcecode.swift; path = Operators.swift; sourceTree = "<group>"; };
		14983D071B5586950059A5CA /* Padding.swift */ = {isa = PBXFileReference; fileEncoding = 4; lastKnownFileType = sourcecode.swift; path = Padding.swift; sourceTree = "<group>"; };
		14983D081B5586950059A5CA /* PKCS7.swift */ = {isa = PBXFileReference; fileEncoding = 4; lastKnownFileType = sourcecode.swift; path = PKCS7.swift; sourceTree = "<group>"; };
		14983D091B5586950059A5CA /* Poly1305.swift */ = {isa = PBXFileReference; fileEncoding = 4; lastKnownFileType = sourcecode.swift; path = Poly1305.swift; sourceTree = "<group>"; };
		14983D0A1B5586950059A5CA /* SHA1.swift */ = {isa = PBXFileReference; fileEncoding = 4; lastKnownFileType = sourcecode.swift; path = SHA1.swift; sourceTree = "<group>"; };
		14983D0B1B5586950059A5CA /* SHA2.swift */ = {isa = PBXFileReference; fileEncoding = 4; lastKnownFileType = sourcecode.swift; path = SHA2.swift; sourceTree = "<group>"; };
		14983D0C1B5586950059A5CA /* StringExtension.swift */ = {isa = PBXFileReference; fileEncoding = 4; lastKnownFileType = sourcecode.swift; path = StringExtension.swift; sourceTree = "<group>"; };
		14983D0D1B5586950059A5CA /* UInt8Extension.swift */ = {isa = PBXFileReference; fileEncoding = 4; lastKnownFileType = sourcecode.swift; path = UInt8Extension.swift; sourceTree = "<group>"; };
		14983D0E1B5586950059A5CA /* UInt16Extension.swift */ = {isa = PBXFileReference; fileEncoding = 4; lastKnownFileType = sourcecode.swift; path = UInt16Extension.swift; sourceTree = "<group>"; };
		14983D0F1B5586950059A5CA /* UInt32Extension.swift */ = {isa = PBXFileReference; fileEncoding = 4; lastKnownFileType = sourcecode.swift; path = UInt32Extension.swift; sourceTree = "<group>"; };
		14983D101B5586950059A5CA /* UInt64Extension.swift */ = {isa = PBXFileReference; fileEncoding = 4; lastKnownFileType = sourcecode.swift; path = UInt64Extension.swift; sourceTree = "<group>"; };
		14983D121B5586950059A5CA /* Utils.swift */ = {isa = PBXFileReference; fileEncoding = 4; lastKnownFileType = sourcecode.swift; path = Utils.swift; sourceTree = "<group>"; };
		14983D2E1B558EFD0059A5CA /* Generics.swift */ = {isa = PBXFileReference; fileEncoding = 4; lastKnownFileType = sourcecode.swift; path = Generics.swift; sourceTree = "<group>"; };
		14C1BF2A1B61754400BE78DA /* HeadzupConstants.swift */ = {isa = PBXFileReference; fileEncoding = 4; lastKnownFileType = sourcecode.swift; path = HeadzupConstants.swift; sourceTree = "<group>"; };
		14C1BF2C1B6178D300BE78DA /* Headzup-Bridging-Header.h */ = {isa = PBXFileReference; lastKnownFileType = sourcecode.c.h; path = "Headzup-Bridging-Header.h"; sourceTree = "<group>"; };
		14C1BF2D1B6178D400BE78DA /* Reachability.m */ = {isa = PBXFileReference; fileEncoding = 4; lastKnownFileType = sourcecode.c.objc; path = Reachability.m; sourceTree = "<group>"; };
		14C1BF2F1B61793000BE78DA /* Reachability.h */ = {isa = PBXFileReference; lastKnownFileType = sourcecode.c.h; path = Reachability.h; sourceTree = "<group>"; };
		14CDA54B1B7278D500FB040F /* UserActionItemsDTO.swift */ = {isa = PBXFileReference; fileEncoding = 4; lastKnownFileType = sourcecode.swift; path = UserActionItemsDTO.swift; sourceTree = "<group>"; };
		14CDA54D1B72796600FB040F /* TechnicalLogItemsDTO.swift */ = {isa = PBXFileReference; fileEncoding = 4; lastKnownFileType = sourcecode.swift; path = TechnicalLogItemsDTO.swift; sourceTree = "<group>"; };
		14CDA54F1B727BB000FB040F /* TechnicalLog.swift */ = {isa = PBXFileReference; fileEncoding = 4; lastKnownFileType = sourcecode.swift; path = TechnicalLog.swift; sourceTree = "<group>"; };
		14CDA5511B727BCF00FB040F /* UserActionLog.swift */ = {isa = PBXFileReference; fileEncoding = 4; lastKnownFileType = sourcecode.swift; path = UserActionLog.swift; sourceTree = "<group>"; };
		14CDA5531B728C6100FB040F /* GeneralHelper.swift */ = {isa = PBXFileReference; fileEncoding = 4; lastKnownFileType = sourcecode.swift; path = GeneralHelper.swift; sourceTree = "<group>"; };
		14DAF7531B7A5E2E00A4AB4D /* FavoriteItemsDTO.swift */ = {isa = PBXFileReference; fileEncoding = 4; lastKnownFileType = sourcecode.swift; path = FavoriteItemsDTO.swift; sourceTree = "<group>"; };
		14DAF7551B7A81AA00A4AB4D /* ContentGroup.swift */ = {isa = PBXFileReference; fileEncoding = 4; lastKnownFileType = sourcecode.swift; path = ContentGroup.swift; sourceTree = "<group>"; };
		14E8E07A1BBDDCA60058474F /* SynchHelper.swift */ = {isa = PBXFileReference; fileEncoding = 4; lastKnownFileType = sourcecode.swift; path = SynchHelper.swift; sourceTree = "<group>"; };
		44426D2C4CC4237154DD34B8 /* Pods-Headzup.debug.xcconfig */ = {isa = PBXFileReference; includeInIndex = 1; lastKnownFileType = text.xcconfig; name = "Pods-Headzup.debug.xcconfig"; path = "Pods/Target Support Files/Pods-Headzup/Pods-Headzup.debug.xcconfig"; sourceTree = "<group>"; };
		5700DB261B839A23004796AE /* DemoAudio.mp3 */ = {isa = PBXFileReference; lastKnownFileType = audio.mp3; path = DemoAudio.mp3; sourceTree = "<group>"; };
		57316B941BD6AEC1008DE5E8 /* HAReasonTableViewController.swift */ = {isa = PBXFileReference; fileEncoding = 4; lastKnownFileType = sourcecode.swift; path = HAReasonTableViewController.swift; sourceTree = "<group>"; };
		5747DE531B66E0530054AC96 /* HomeViewController.swift */ = {isa = PBXFileReference; fileEncoding = 4; lastKnownFileType = sourcecode.swift; path = HomeViewController.swift; sourceTree = "<group>"; };
		5747DE551B66E0630054AC96 /* PinViewController.swift */ = {isa = PBXFileReference; fileEncoding = 4; lastKnownFileType = sourcecode.swift; path = PinViewController.swift; sourceTree = "<group>"; };
		5753D85A1BB1F76700378332 /* ContextManager.swift */ = {isa = PBXFileReference; fileEncoding = 4; lastKnownFileType = sourcecode.swift; path = ContextManager.swift; sourceTree = "<group>"; };
		5753D85C1BB33ACC00378332 /* NetworkOperation.swift */ = {isa = PBXFileReference; fileEncoding = 4; lastKnownFileType = sourcecode.swift; path = NetworkOperation.swift; sourceTree = "<group>"; };
		575B65461BC6CDFC008F1368 /* TrackerViewController.swift */ = {isa = PBXFileReference; fileEncoding = 4; lastKnownFileType = sourcecode.swift; path = TrackerViewController.swift; sourceTree = "<group>"; };
		575B65481BC71B78008F1368 /* TrackerConfirmViewController.swift */ = {isa = PBXFileReference; fileEncoding = 4; lastKnownFileType = sourcecode.swift; path = TrackerConfirmViewController.swift; sourceTree = "<group>"; };
		5771466A1B9F648200BBD8E4 /* AboutMeViewController.swift */ = {isa = PBXFileReference; fileEncoding = 4; lastKnownFileType = sourcecode.swift; path = AboutMeViewController.swift; sourceTree = "<group>"; };
		5771466E1B9F862300BBD8E4 /* AboutMeTableViewController.swift */ = {isa = PBXFileReference; fileEncoding = 4; lastKnownFileType = sourcecode.swift; path = AboutMeTableViewController.swift; sourceTree = "<group>"; };
		577146701BA0DD2500BBD8E4 /* SubTableCell.swift */ = {isa = PBXFileReference; fileEncoding = 4; lastKnownFileType = sourcecode.swift; path = SubTableCell.swift; sourceTree = "<group>"; };
		577146721BA7C97300BBD8E4 /* AccountTableViewController.swift */ = {isa = PBXFileReference; fileEncoding = 4; lastKnownFileType = sourcecode.swift; path = AccountTableViewController.swift; sourceTree = "<group>"; };
		577146741BA89FE400BBD8E4 /* NameChangeViewController.swift */ = {isa = PBXFileReference; fileEncoding = 4; lastKnownFileType = sourcecode.swift; path = NameChangeViewController.swift; sourceTree = "<group>"; };
		577146761BA8AE2100BBD8E4 /* AcountViewController.swift */ = {isa = PBXFileReference; fileEncoding = 4; lastKnownFileType = sourcecode.swift; path = AcountViewController.swift; sourceTree = "<group>"; };
		577146781BA9C0FF00BBD8E4 /* PreventionsSubTableViewController.swift */ = {isa = PBXFileReference; fileEncoding = 4; lastKnownFileType = sourcecode.swift; path = PreventionsSubTableViewController.swift; sourceTree = "<group>"; };
		578792391B5EE98600A7C6D4 /* SplashViewController.swift */ = {isa = PBXFileReference; fileEncoding = 4; lastKnownFileType = sourcecode.swift; path = SplashViewController.swift; sourceTree = "<group>"; };
		5787923B1B5EEFA600A7C6D4 /* LoginViewController.swift */ = {isa = PBXFileReference; fileEncoding = 4; lastKnownFileType = sourcecode.swift; path = LoginViewController.swift; sourceTree = "<group>"; };
		5789948C1BCEF25000C315FD /* TrackerTodayTableViewController.swift */ = {isa = PBXFileReference; fileEncoding = 4; lastKnownFileType = sourcecode.swift; path = TrackerTodayTableViewController.swift; sourceTree = "<group>"; };
		579182971B6EC294004ACFDD /* LogInHelper.swift */ = {isa = PBXFileReference; fileEncoding = 4; lastKnownFileType = sourcecode.swift; path = LogInHelper.swift; sourceTree = "<group>"; };
		579182991B6EC853004ACFDD /* NotificationTests.swift */ = {isa = PBXFileReference; fileEncoding = 4; lastKnownFileType = sourcecode.swift; path = NotificationTests.swift; sourceTree = "<group>"; };
		579F15021B728B20009488CA /* NotificationHelper.swift */ = {isa = PBXFileReference; fileEncoding = 4; lastKnownFileType = sourcecode.swift; path = NotificationHelper.swift; sourceTree = "<group>"; };
		57CD83051BBB0616009CEB72 /* NavigationControllerExtension.swift */ = {isa = PBXFileReference; fileEncoding = 4; lastKnownFileType = sourcecode.swift; path = NavigationControllerExtension.swift; sourceTree = "<group>"; };
		57CD83071BBB0EEE009CEB72 /* GoalReminderSettingViewController.swift */ = {isa = PBXFileReference; fileEncoding = 4; lastKnownFileType = sourcecode.swift; path = GoalReminderSettingViewController.swift; sourceTree = "<group>"; };
		57CD83091BBB0F0F009CEB72 /* TrackerReminderSettingViewController.swift */ = {isa = PBXFileReference; fileEncoding = 4; lastKnownFileType = sourcecode.swift; name = TrackerReminderSettingViewController.swift; path = ../TrackerReminderSettingViewController.swift; sourceTree = "<group>"; };
		57CD830B1BBB1056009CEB72 /* CustomDatePicker.swift */ = {isa = PBXFileReference; fileEncoding = 4; lastKnownFileType = sourcecode.swift; path = CustomDatePicker.swift; sourceTree = "<group>"; };
		57D8BE171B978FBC00D715AB /* FirstAidDetailsViewController.swift */ = {isa = PBXFileReference; fileEncoding = 4; lastKnownFileType = sourcecode.swift; path = FirstAidDetailsViewController.swift; sourceTree = "<group>"; };
		57E1D07A1B83DBBE004D67D3 /* UXHelpers.swift */ = {isa = PBXFileReference; fileEncoding = 4; lastKnownFileType = sourcecode.swift; path = UXHelpers.swift; sourceTree = "<group>"; };
		57E6529A1B5DA6320057803C /* NavigationHelper.swift */ = {isa = PBXFileReference; fileEncoding = 4; lastKnownFileType = sourcecode.swift; name = NavigationHelper.swift; path = ../NavigationHelper.swift; sourceTree = "<group>"; };
		57FEAB8B1B8CFE6B0093AFEE /* TrackViewController.swift */ = {isa = PBXFileReference; fileEncoding = 4; lastKnownFileType = sourcecode.swift; path = TrackViewController.swift; sourceTree = "<group>"; };
		57FEAB8D1B8CFEC80093AFEE /* FirstAidViewController.swift */ = {isa = PBXFileReference; fileEncoding = 4; lastKnownFileType = sourcecode.swift; path = FirstAidViewController.swift; sourceTree = "<group>"; };
		57FEAB8F1B8E54E20093AFEE /* FirstAidView.swift */ = {isa = PBXFileReference; fileEncoding = 4; lastKnownFileType = sourcecode.swift; path = FirstAidView.swift; sourceTree = "<group>"; };
		6A2CEF7F1B74FE740083B568 /* StrategyListTableViewController.swift */ = {isa = PBXFileReference; fileEncoding = 4; lastKnownFileType = sourcecode.swift; path = StrategyListTableViewController.swift; sourceTree = "<group>"; };
		6A2CEF811B7520C70083B568 /* StrategyDetailsViewController.swift */ = {isa = PBXFileReference; fileEncoding = 4; lastKnownFileType = sourcecode.swift; path = StrategyDetailsViewController.swift; sourceTree = "<group>"; };
		6A2CEF841B7A86530083B568 /* CustomButton.swift */ = {isa = PBXFileReference; fileEncoding = 4; lastKnownFileType = sourcecode.swift; path = CustomButton.swift; sourceTree = "<group>"; };
		6AB5BB8E1B710D6B00CF2DAD /* ToolboxViewController.swift */ = {isa = PBXFileReference; fileEncoding = 4; lastKnownFileType = sourcecode.swift; path = ToolboxViewController.swift; sourceTree = "<group>"; };
		97E081C9EB3F3D4F2E6E00C1 /* Pods_Headzup.framework */ = {isa = PBXFileReference; explicitFileType = wrapper.framework; includeInIndex = 0; path = Pods_Headzup.framework; sourceTree = BUILT_PRODUCTS_DIR; };
		E3DE1C326902EC80C4B22B14 /* Pods-Headzup.release.xcconfig */ = {isa = PBXFileReference; includeInIndex = 1; lastKnownFileType = text.xcconfig; name = "Pods-Headzup.release.xcconfig"; path = "Pods/Target Support Files/Pods-Headzup/Pods-Headzup.release.xcconfig"; sourceTree = "<group>"; };
/* End PBXFileReference section */

/* Begin PBXFrameworksBuildPhase section */
		14983CC01B557A170059A5CA /* Frameworks */ = {
			isa = PBXFrameworksBuildPhase;
			buildActionMask = 2147483647;
			files = (
				EF8D8CA63357BCF024679BF3 /* Pods_Headzup.framework in Frameworks */,
			);
			runOnlyForDeploymentPostprocessing = 0;
		};
		14983CD81B557A170059A5CA /* Frameworks */ = {
			isa = PBXFrameworksBuildPhase;
			buildActionMask = 2147483647;
			files = (
			);
			runOnlyForDeploymentPostprocessing = 0;
		};
/* End PBXFrameworksBuildPhase section */

/* Begin PBXGroup section */
		140710A31B7A8DC200F731EB /* Extensions */ = {
			isa = PBXGroup;
			children = (
				140710A41B7A8DD900F731EB /* DateExtensions.swift */,
				14896B8A1BB3412100AC693D /* StringExtensions.swift */,
				57CD83051BBB0616009CEB72 /* NavigationControllerExtension.swift */,
			);
			name = Extensions;
			sourceTree = "<group>";
		};
		140DED0E1B67C602001F6A3F /* Validator */ = {
			isa = PBXGroup;
			children = (
				140DED101B67C624001F6A3F /* Core */,
				140DED0F1B67C61D001F6A3F /* Rules */,
			);
			name = Validator;
			sourceTree = "<group>";
		};
		140DED0F1B67C61D001F6A3F /* Rules */ = {
			isa = PBXGroup;
			children = (
				140DED111B67C693001F6A3F /* Rule.swift */,
				140DED131B67C6C0001F6A3F /* RequiredRule.swift */,
				140DED151B67C703001F6A3F /* RegexRule.swift */,
				140DED1D1B67CFE6001F6A3F /* PinRule.swift */,
				140DED1F1B67D380001F6A3F /* MinLengthRule.swift */,
				140DED301B6BB002001F6A3F /* PhoneNumberRule.swift */,
			);
			name = Rules;
			sourceTree = "<group>";
		};
		140DED101B67C624001F6A3F /* Core */ = {
			isa = PBXGroup;
			children = (
				140DED171B67CBE0001F6A3F /* Validator.swift */,
				140DED191B67CC0C001F6A3F /* ValidationError.swift */,
				140DED1B1B67CC41001F6A3F /* ValidationRule.swift */,
			);
			name = Core;
			sourceTree = "<group>";
		};
		14983CBA1B557A170059A5CA = {
			isa = PBXGroup;
			children = (
				14983CC51B557A170059A5CA /* Headzup */,
				14983CDE1B557A170059A5CA /* HeadzupTests */,
				14983CC41B557A170059A5CA /* Products */,
				60D521C171789AB71485E70E /* Pods */,
				61B217F6867DE9744B710D24 /* Frameworks */,
			);
			sourceTree = "<group>";
		};
		14983CC41B557A170059A5CA /* Products */ = {
			isa = PBXGroup;
			children = (
				14983CC31B557A170059A5CA /* Headzup.app */,
				14983CDB1B557A170059A5CA /* HeadzupTests.xctest */,
			);
			name = Products;
			sourceTree = "<group>";
		};
		14983CC51B557A170059A5CA /* Headzup */ = {
			isa = PBXGroup;
			children = (
				575F4F771BB5984F00C1F768 /* Services */,
				140710A31B7A8DC200F731EB /* Extensions */,
				14CDA54A1B72788400FB040F /* DTO */,
				140DED0E1B67C602001F6A3F /* Validator */,
				5747DE521B66DFAD0054AC96 /* Controllers */,
				14983CF41B557CF40059A5CA /* Cryptography */,
				6A2CEF831B7A85EE0083B568 /* Custom Objects */,
				57FEAB911B8E54F40093AFEE /* Views */,
				579182961B6EBE27004ACFDD /* Helpers */,
				14983CEB1B557A8E0059A5CA /* HeadzupData */,
				14983CC81B557A170059A5CA /* AppDelegate.swift */,
				14983CCF1B557A170059A5CA /* Main.storyboard */,
				14983CF51B557ECB0059A5CA /* CryptoUtility.swift */,
				14983CD21B557A170059A5CA /* Images.xcassets */,
				14983CD41B557A170059A5CA /* LaunchScreen.xib */,
				14983CCA1B557A170059A5CA /* Headzup.xcdatamodeld */,
				140DED0A1B62C6CB001F6A3F /* Settings.bundle */,
				14C1BF2D1B6178D400BE78DA /* Reachability.m */,
				14C1BF2C1B6178D300BE78DA /* Headzup-Bridging-Header.h */,
				14C1BF2F1B61793000BE78DA /* Reachability.h */,
				14983CC61B557A170059A5CA /* Supporting Files */,
			);
			path = Headzup;
			sourceTree = "<group>";
		};
		14983CC61B557A170059A5CA /* Supporting Files */ = {
			isa = PBXGroup;
			children = (
				5700DB231B8386A7004796AE /* Sounds */,
				14983CC71B557A170059A5CA /* Info.plist */,
			);
			name = "Supporting Files";
			sourceTree = "<group>";
		};
		14983CDE1B557A170059A5CA /* HeadzupTests */ = {
			isa = PBXGroup;
			children = (
				579182991B6EC853004ACFDD /* NotificationTests.swift */,
				14983CE11B557A170059A5CA /* HeadzupTests.swift */,
				140DED211B681741001F6A3F /* CoreDataTestCase.swift */,
				140DED231B68179F001F6A3F /* MetaDataTest.swift */,
				14983CDF1B557A170059A5CA /* Supporting Files */,
			);
			path = HeadzupTests;
			sourceTree = "<group>";
		};
		14983CDF1B557A170059A5CA /* Supporting Files */ = {
			isa = PBXGroup;
			children = (
				14983CE01B557A170059A5CA /* Info.plist */,
			);
			name = "Supporting Files";
			sourceTree = "<group>";
		};
		14983CEB1B557A8E0059A5CA /* HeadzupData */ = {
			isa = PBXGroup;
			children = (
				1478409D1BCD8FDB00F8EEFF /* TrackerResponse.swift */,
				148F17FC1BA7317800AD95A2 /* AboutMeResponse.swift */,
				14DAF7551B7A81AA00A4AB4D /* ContentGroup.swift */,
				14CDA5511B727BCF00FB040F /* UserActionLog.swift */,
				14CDA54F1B727BB000FB040F /* TechnicalLog.swift */,
				140DED281B69CED6001F6A3F /* Category.swift */,
				140DED261B69CE68001F6A3F /* Content.swift */,
				14983CEC1B557B340059A5CA /* MetaData.swift */,
				14983CEE1B557B910059A5CA /* DataManager.swift */,
				14983CF21B557CA60059A5CA /* ApplicationData.swift */,
				14C1BF2A1B61754400BE78DA /* HeadzupConstants.swift */,
				5753D85A1BB1F76700378332 /* ContextManager.swift */,
				14896B961BB8984600AC693D /* DataManagerBase.swift */,
			);
			name = HeadzupData;
			sourceTree = "<group>";
		};
		14983CF41B557CF40059A5CA /* Cryptography */ = {
			isa = PBXGroup;
			children = (
				14983D2E1B558EFD0059A5CA /* Generics.swift */,
				14983CF71B5586950059A5CA /* AES.swift */,
				14983CF81B5586950059A5CA /* ArrayExtension.swift */,
				14983CF91B5586950059A5CA /* Authenticator.swift */,
				14983CFA1B5586950059A5CA /* BitExtension.swift */,
				14983CFB1B5586950059A5CA /* ChaCha20.swift */,
				14983CFC1B5586950059A5CA /* Cipher.swift */,
				14983CFD1B5586950059A5CA /* CipherBlockMode.swift */,
				14983CFE1B5586950059A5CA /* CRC.swift */,
				14983CFF1B5586950059A5CA /* CryptoSwift.h */,
				14983D001B5586950059A5CA /* Hash.swift */,
				14983D011B5586950059A5CA /* HashBase.swift */,
				14983D021B5586950059A5CA /* HMAC.swift */,
				14983D031B5586950059A5CA /* IntExtension.swift */,
				14983D041B5586950059A5CA /* MD5.swift */,
				14983D051B5586950059A5CA /* NSDataExtension.swift */,
				14983D061B5586950059A5CA /* Operators.swift */,
				14983D071B5586950059A5CA /* Padding.swift */,
				14983D081B5586950059A5CA /* PKCS7.swift */,
				14983D091B5586950059A5CA /* Poly1305.swift */,
				14983D0A1B5586950059A5CA /* SHA1.swift */,
				14983D0B1B5586950059A5CA /* SHA2.swift */,
				14983D0C1B5586950059A5CA /* StringExtension.swift */,
				14983D0D1B5586950059A5CA /* UInt8Extension.swift */,
				14983D0E1B5586950059A5CA /* UInt16Extension.swift */,
				14983D0F1B5586950059A5CA /* UInt32Extension.swift */,
				14983D101B5586950059A5CA /* UInt64Extension.swift */,
				14983D121B5586950059A5CA /* Utils.swift */,
			);
			name = Cryptography;
			sourceTree = "<group>";
		};
		14CDA54A1B72788400FB040F /* DTO */ = {
			isa = PBXGroup;
			children = (
				14CDA54B1B7278D500FB040F /* UserActionItemsDTO.swift */,
				14CDA54D1B72796600FB040F /* TechnicalLogItemsDTO.swift */,
				14DAF7531B7A5E2E00A4AB4D /* FavoriteItemsDTO.swift */,
				148F17FE1BAC988800AD95A2 /* AboutMeResponseItemsDTO.swift */,
				147840A01BCDA0D500F8EEFF /* TrackerResponseItemsDTO.swift */,
			);
			name = DTO;
			sourceTree = "<group>";
		};
		5700DB231B8386A7004796AE /* Sounds */ = {
			isa = PBXGroup;
			children = (
				5700DB261B839A23004796AE /* DemoAudio.mp3 */,
			);
			name = Sounds;
			sourceTree = "<group>";
		};
		5747DE521B66DFAD0054AC96 /* Controllers */ = {
			isa = PBXGroup;
			children = (
				14983CCD1B557A170059A5CA /* ViewController.swift */,
				578792391B5EE98600A7C6D4 /* SplashViewController.swift */,
				5787923B1B5EEFA600A7C6D4 /* LoginViewController.swift */,
				5747DE531B66E0530054AC96 /* HomeViewController.swift */,
				5747DE551B66E0630054AC96 /* PinViewController.swift */,
				140DED2E1B6AA32B001F6A3F /* ProfileViewController.swift */,
				6AB5BB8E1B710D6B00CF2DAD /* ToolboxViewController.swift */,
				6A2CEF7F1B74FE740083B568 /* StrategyListTableViewController.swift */,
				6A2CEF811B7520C70083B568 /* StrategyDetailsViewController.swift */,
				57FEAB8B1B8CFE6B0093AFEE /* TrackViewController.swift */,
				57FEAB8D1B8CFEC80093AFEE /* FirstAidViewController.swift */,
				57D8BE171B978FBC00D715AB /* FirstAidDetailsViewController.swift */,
				5771466A1B9F648200BBD8E4 /* AboutMeViewController.swift */,
				5771466E1B9F862300BBD8E4 /* AboutMeTableViewController.swift */,
				577146721BA7C97300BBD8E4 /* AccountTableViewController.swift */,
				577146741BA89FE400BBD8E4 /* NameChangeViewController.swift */,
				577146761BA8AE2100BBD8E4 /* AcountViewController.swift */,
				577146781BA9C0FF00BBD8E4 /* PreventionsSubTableViewController.swift */,
				57CD83091BBB0F0F009CEB72 /* TrackerReminderSettingViewController.swift */,
				57CD83071BBB0EEE009CEB72 /* GoalReminderSettingViewController.swift */,
				575B65461BC6CDFC008F1368 /* TrackerViewController.swift */,
				575B65481BC71B78008F1368 /* TrackerConfirmViewController.swift */,
				5789948C1BCEF25000C315FD /* TrackerTodayTableViewController.swift */,
				57316B941BD6AEC1008DE5E8 /* HAReasonTableViewController.swift */,
			);
			name = Controllers;
			sourceTree = "<group>";
		};
		575F4F771BB5984F00C1F768 /* Services */ = {
			isa = PBXGroup;
			children = (
				14983CF01B557C2D0059A5CA /* ServiceManager.swift */,
				5753D85C1BB33ACC00378332 /* NetworkOperation.swift */,
			);
			name = Services;
			sourceTree = "<group>";
		};
		579182961B6EBE27004ACFDD /* Helpers */ = {
			isa = PBXGroup;
			children = (
				57E6529A1B5DA6320057803C /* NavigationHelper.swift */,
				579182971B6EC294004ACFDD /* LogInHelper.swift */,
				579F15021B728B20009488CA /* NotificationHelper.swift */,
				14CDA5531B728C6100FB040F /* GeneralHelper.swift */,
				57E1D07A1B83DBBE004D67D3 /* UXHelpers.swift */,
				14896B8E1BB5D81000AC693D /* ICMSHelper.swift */,
				14896B901BB6134F00AC693D /* ValidationHelper.swift */,
				14896B921BB7258900AC693D /* QuestionHelper.swift */,
				14E8E07A1BBDDCA60058474F /* SynchHelper.swift */,
			);
			name = Helpers;
			sourceTree = "<group>";
		};
		57FEAB911B8E54F40093AFEE /* Views */ = {
			isa = PBXGroup;
			children = (
				57FEAB8F1B8E54E20093AFEE /* FirstAidView.swift */,
			);
			name = Views;
			sourceTree = "<group>";
		};
		60D521C171789AB71485E70E /* Pods */ = {
			isa = PBXGroup;
			children = (
				44426D2C4CC4237154DD34B8 /* Pods-Headzup.debug.xcconfig */,
				E3DE1C326902EC80C4B22B14 /* Pods-Headzup.release.xcconfig */,
			);
			name = Pods;
			sourceTree = "<group>";
		};
		61B217F6867DE9744B710D24 /* Frameworks */ = {
			isa = PBXGroup;
			children = (
				97E081C9EB3F3D4F2E6E00C1 /* Pods_Headzup.framework */,
			);
			name = Frameworks;
			sourceTree = "<group>";
		};
		6A2CEF831B7A85EE0083B568 /* Custom Objects */ = {
			isa = PBXGroup;
			children = (
				6A2CEF841B7A86530083B568 /* CustomButton.swift */,
				577146701BA0DD2500BBD8E4 /* SubTableCell.swift */,
				57CD830B1BBB1056009CEB72 /* CustomDatePicker.swift */,
			);
			name = "Custom Objects";
			sourceTree = "<group>";
		};
/* End PBXGroup section */

/* Begin PBXNativeTarget section */
		14983CC21B557A170059A5CA /* Headzup */ = {
			isa = PBXNativeTarget;
			buildConfigurationList = 14983CE51B557A170059A5CA /* Build configuration list for PBXNativeTarget "Headzup" */;
			buildPhases = (
				165D46FA3A7E61FB4835C92E /* Check Pods Manifest.lock */,
				14983CBF1B557A170059A5CA /* Sources */,
				14983CC01B557A170059A5CA /* Frameworks */,
				14983CC11B557A170059A5CA /* Resources */,
				14660EE20E264EC9FDFEFD1E /* Embed Pods Frameworks */,
				919C5E2248F1C55528221AC0 /* Copy Pods Resources */,
			);
			buildRules = (
			);
			dependencies = (
			);
			name = Headzup;
			productName = Headzup;
			productReference = 14983CC31B557A170059A5CA /* Headzup.app */;
			productType = "com.apple.product-type.application";
		};
		14983CDA1B557A170059A5CA /* HeadzupTests */ = {
			isa = PBXNativeTarget;
			buildConfigurationList = 14983CE81B557A170059A5CA /* Build configuration list for PBXNativeTarget "HeadzupTests" */;
			buildPhases = (
				14983CD71B557A170059A5CA /* Sources */,
				14983CD81B557A170059A5CA /* Frameworks */,
				14983CD91B557A170059A5CA /* Resources */,
			);
			buildRules = (
			);
			dependencies = (
				14983CDD1B557A170059A5CA /* PBXTargetDependency */,
			);
			name = HeadzupTests;
			productName = HeadzupTests;
			productReference = 14983CDB1B557A170059A5CA /* HeadzupTests.xctest */;
			productType = "com.apple.product-type.bundle.unit-test";
		};
/* End PBXNativeTarget section */

/* Begin PBXProject section */
		14983CBB1B557A170059A5CA /* Project object */ = {
			isa = PBXProject;
			attributes = {
				LastSwiftMigration = 0700;
				LastSwiftUpdateCheck = 0700;
				LastUpgradeCheck = 0700;
				ORGANIZATIONNAME = Inflexxion;
				TargetAttributes = {
					14983CC21B557A170059A5CA = {
						CreatedOnToolsVersion = 6.3.1;
						DevelopmentTeam = H4Z8UK87N8;
					};
					14983CDA1B557A170059A5CA = {
						CreatedOnToolsVersion = 6.3.1;
						TestTargetID = 14983CC21B557A170059A5CA;
					};
				};
			};
			buildConfigurationList = 14983CBE1B557A170059A5CA /* Build configuration list for PBXProject "Headzup" */;
			compatibilityVersion = "Xcode 3.2";
			developmentRegion = English;
			hasScannedForEncodings = 0;
			knownRegions = (
				en,
				Base,
			);
			mainGroup = 14983CBA1B557A170059A5CA;
			productRefGroup = 14983CC41B557A170059A5CA /* Products */;
			projectDirPath = "";
			projectRoot = "";
			targets = (
				14983CC21B557A170059A5CA /* Headzup */,
				14983CDA1B557A170059A5CA /* HeadzupTests */,
			);
		};
/* End PBXProject section */

/* Begin PBXResourcesBuildPhase section */
		14983CC11B557A170059A5CA /* Resources */ = {
			isa = PBXResourcesBuildPhase;
			buildActionMask = 2147483647;
			files = (
				140DED0B1B62C6CB001F6A3F /* Settings.bundle in Resources */,
				14983CD11B557A170059A5CA /* Main.storyboard in Resources */,
				5700DB271B839A23004796AE /* DemoAudio.mp3 in Resources */,
				14983CD61B557A170059A5CA /* LaunchScreen.xib in Resources */,
				14983CD31B557A170059A5CA /* Images.xcassets in Resources */,
			);
			runOnlyForDeploymentPostprocessing = 0;
		};
		14983CD91B557A170059A5CA /* Resources */ = {
			isa = PBXResourcesBuildPhase;
			buildActionMask = 2147483647;
			files = (
			);
			runOnlyForDeploymentPostprocessing = 0;
		};
/* End PBXResourcesBuildPhase section */

/* Begin PBXShellScriptBuildPhase section */
		14660EE20E264EC9FDFEFD1E /* Embed Pods Frameworks */ = {
			isa = PBXShellScriptBuildPhase;
			buildActionMask = 2147483647;
			files = (
			);
			inputPaths = (
			);
			name = "Embed Pods Frameworks";
			outputPaths = (
			);
			runOnlyForDeploymentPostprocessing = 0;
			shellPath = /bin/sh;
			shellScript = "\"${SRCROOT}/Pods/Target Support Files/Pods-Headzup/Pods-Headzup-frameworks.sh\"\n";
			showEnvVarsInLog = 0;
		};
		165D46FA3A7E61FB4835C92E /* Check Pods Manifest.lock */ = {
			isa = PBXShellScriptBuildPhase;
			buildActionMask = 2147483647;
			files = (
			);
			inputPaths = (
			);
			name = "Check Pods Manifest.lock";
			outputPaths = (
			);
			runOnlyForDeploymentPostprocessing = 0;
			shellPath = /bin/sh;
			shellScript = "diff \"${PODS_ROOT}/../Podfile.lock\" \"${PODS_ROOT}/Manifest.lock\" > /dev/null\nif [[ $? != 0 ]] ; then\n    cat << EOM\nerror: The sandbox is not in sync with the Podfile.lock. Run 'pod install' or update your CocoaPods installation.\nEOM\n    exit 1\nfi\n";
			showEnvVarsInLog = 0;
		};
		919C5E2248F1C55528221AC0 /* Copy Pods Resources */ = {
			isa = PBXShellScriptBuildPhase;
			buildActionMask = 2147483647;
			files = (
			);
			inputPaths = (
			);
			name = "Copy Pods Resources";
			outputPaths = (
			);
			runOnlyForDeploymentPostprocessing = 0;
			shellPath = /bin/sh;
			shellScript = "\"${SRCROOT}/Pods/Target Support Files/Pods-Headzup/Pods-Headzup-resources.sh\"\n";
			showEnvVarsInLog = 0;
		};
/* End PBXShellScriptBuildPhase section */

/* Begin PBXSourcesBuildPhase section */
		14983CBF1B557A170059A5CA /* Sources */ = {
			isa = PBXSourcesBuildPhase;
			buildActionMask = 2147483647;
			files = (
				14983D281B5586950059A5CA /* UInt8Extension.swift in Sources */,
				14983CCE1B557A170059A5CA /* ViewController.swift in Sources */,
				14CDA54C1B7278D500FB040F /* UserActionItemsDTO.swift in Sources */,
				1478409F1BCD8FDB00F8EEFF /* TrackerResponse.swift in Sources */,
				5747DE561B66E0630054AC96 /* PinViewController.swift in Sources */,
				5771466B1B9F648200BBD8E4 /* AboutMeViewController.swift in Sources */,
				14983D2F1B558EFD0059A5CA /* Generics.swift in Sources */,
				14CDA5541B728C6100FB040F /* GeneralHelper.swift in Sources */,
				6A2CEF821B7520C70083B568 /* StrategyDetailsViewController.swift in Sources */,
				140DED121B67C693001F6A3F /* Rule.swift in Sources */,
				14983D161B5586950059A5CA /* BitExtension.swift in Sources */,
				148F17FD1BA7317800AD95A2 /* AboutMeResponse.swift in Sources */,
				5787923C1B5EEFA600A7C6D4 /* LoginViewController.swift in Sources */,
				14DAF7541B7A5E2E00A4AB4D /* FavoriteItemsDTO.swift in Sources */,
				14896B931BB7258900AC693D /* QuestionHelper.swift in Sources */,
				5787923A1B5EE98600A7C6D4 /* SplashViewController.swift in Sources */,
				14983D201B5586950059A5CA /* NSDataExtension.swift in Sources */,
				579182981B6EC294004ACFDD /* LogInHelper.swift in Sources */,
				140DED1E1B67CFE6001F6A3F /* PinRule.swift in Sources */,
				5789948D1BCEF25000C315FD /* TrackerTodayTableViewController.swift in Sources */,
				14983D181B5586950059A5CA /* Cipher.swift in Sources */,
				14983D191B5586950059A5CA /* CipherBlockMode.swift in Sources */,
				575B65471BC6CDFC008F1368 /* TrackerViewController.swift in Sources */,
				5771466F1B9F862300BBD8E4 /* AboutMeTableViewController.swift in Sources */,
				577146731BA7C97300BBD8E4 /* AccountTableViewController.swift in Sources */,
				14983D2B1B5586950059A5CA /* UInt64Extension.swift in Sources */,
				14983D1B1B5586950059A5CA /* Hash.swift in Sources */,
				57316B951BD6AEC1008DE5E8 /* HAReasonTableViewController.swift in Sources */,
				14983D151B5586950059A5CA /* Authenticator.swift in Sources */,
				5753D85D1BB33ACC00378332 /* NetworkOperation.swift in Sources */,
				140DED141B67C6C0001F6A3F /* RequiredRule.swift in Sources */,
				140DED201B67D380001F6A3F /* MinLengthRule.swift in Sources */,
				140DED161B67C703001F6A3F /* RegexRule.swift in Sources */,
				14983D2D1B5586950059A5CA /* Utils.swift in Sources */,
				14983D1C1B5586950059A5CA /* HashBase.swift in Sources */,
				14896B8F1BB5D81000AC693D /* ICMSHelper.swift in Sources */,
				140DED1C1B67CC41001F6A3F /* ValidationRule.swift in Sources */,
				14CDA54E1B72796600FB040F /* TechnicalLogItemsDTO.swift in Sources */,
				14983CEF1B557B910059A5CA /* DataManager.swift in Sources */,
				14983CC91B557A170059A5CA /* AppDelegate.swift in Sources */,
				14C1BF2B1B61754400BE78DA /* HeadzupConstants.swift in Sources */,
				14983D291B5586950059A5CA /* UInt16Extension.swift in Sources */,
				14983CF61B557ECB0059A5CA /* CryptoUtility.swift in Sources */,
				14983D171B5586950059A5CA /* ChaCha20.swift in Sources */,
				577146771BA8AE2100BBD8E4 /* AcountViewController.swift in Sources */,
				14983D271B5586950059A5CA /* StringExtension.swift in Sources */,
				14983CF31B557CA60059A5CA /* ApplicationData.swift in Sources */,
				14896B971BB8984600AC693D /* DataManagerBase.swift in Sources */,
				14983D1D1B5586950059A5CA /* HMAC.swift in Sources */,
				14983D1E1B5586950059A5CA /* IntExtension.swift in Sources */,
				14896B911BB6134F00AC693D /* ValidationHelper.swift in Sources */,
				140DED181B67CBE0001F6A3F /* Validator.swift in Sources */,
				57FEAB8E1B8CFEC80093AFEE /* FirstAidViewController.swift in Sources */,
				140DED2F1B6AA32B001F6A3F /* ProfileViewController.swift in Sources */,
				140DED311B6BB002001F6A3F /* PhoneNumberRule.swift in Sources */,
				57CD830A1BBB0F0F009CEB72 /* TrackerReminderSettingViewController.swift in Sources */,
				6A2CEF851B7A86530083B568 /* CustomButton.swift in Sources */,
				140DED271B69CE68001F6A3F /* Content.swift in Sources */,
				140DED1A1B67CC0C001F6A3F /* ValidationError.swift in Sources */,
				14983D2A1B5586950059A5CA /* UInt32Extension.swift in Sources */,
				57FEAB8C1B8CFE6B0093AFEE /* TrackViewController.swift in Sources */,
				14DAF7561B7A81AA00A4AB4D /* ContentGroup.swift in Sources */,
				140DED291B69CED6001F6A3F /* Category.swift in Sources */,
				57D8BE181B978FBC00D715AB /* FirstAidDetailsViewController.swift in Sources */,
				14896B8B1BB3412100AC693D /* StringExtensions.swift in Sources */,
				57CD830C1BBB1056009CEB72 /* CustomDatePicker.swift in Sources */,
				57CD83061BBB0616009CEB72 /* NavigationControllerExtension.swift in Sources */,
				14983D261B5586950059A5CA /* SHA2.swift in Sources */,
				577146791BA9C0FF00BBD8E4 /* PreventionsSubTableViewController.swift in Sources */,
				14983D1F1B5586950059A5CA /* MD5.swift in Sources */,
				57E1D07B1B83DBBE004D67D3 /* UXHelpers.swift in Sources */,
				57CD83081BBB0EEE009CEB72 /* GoalReminderSettingViewController.swift in Sources */,
				147840A11BCDA0D500F8EEFF /* TrackerResponseItemsDTO.swift in Sources */,
				14983D241B5586950059A5CA /* Poly1305.swift in Sources */,
				577146751BA89FE400BBD8E4 /* NameChangeViewController.swift in Sources */,
				57E6529B1B5DA6320057803C /* NavigationHelper.swift in Sources */,
				14E8E07B1BBDDCA60058474F /* SynchHelper.swift in Sources */,
				140710A51B7A8DD900F731EB /* DateExtensions.swift in Sources */,
				577146711BA0DD2500BBD8E4 /* SubTableCell.swift in Sources */,
				14983D141B5586950059A5CA /* ArrayExtension.swift in Sources */,
				6AB5BB8F1B710D6B00CF2DAD /* ToolboxViewController.swift in Sources */,
				14983CED1B557B340059A5CA /* MetaData.swift in Sources */,
				575B65491BC71B78008F1368 /* TrackerConfirmViewController.swift in Sources */,
				14983D1A1B5586950059A5CA /* CRC.swift in Sources */,
				14983D211B5586950059A5CA /* Operators.swift in Sources */,
				14983D231B5586950059A5CA /* PKCS7.swift in Sources */,
				14C1BF2E1B6178D400BE78DA /* Reachability.m in Sources */,
				14CDA5501B727BB000FB040F /* TechnicalLog.swift in Sources */,
				57FEAB901B8E54E20093AFEE /* FirstAidView.swift in Sources */,
				14CDA5521B727BCF00FB040F /* UserActionLog.swift in Sources */,
				14983CCC1B557A170059A5CA /* Headzup.xcdatamodeld in Sources */,
				5747DE541B66E0530054AC96 /* HomeViewController.swift in Sources */,
				14983D251B5586950059A5CA /* SHA1.swift in Sources */,
				148F17FF1BAC988800AD95A2 /* AboutMeResponseItemsDTO.swift in Sources */,
				14983D131B5586950059A5CA /* AES.swift in Sources */,
				579F15031B728B20009488CA /* NotificationHelper.swift in Sources */,
				5753D85B1BB1F76700378332 /* ContextManager.swift in Sources */,
				14983CF11B557C2D0059A5CA /* ServiceManager.swift in Sources */,
				14983D221B5586950059A5CA /* Padding.swift in Sources */,
				6A2CEF801B74FE740083B568 /* StrategyListTableViewController.swift in Sources */,
			);
			runOnlyForDeploymentPostprocessing = 0;
		};
		14983CD71B557A170059A5CA /* Sources */ = {
			isa = PBXSourcesBuildPhase;
			buildActionMask = 2147483647;
			files = (
				5791829A1B6EC853004ACFDD /* NotificationTests.swift in Sources */,
				140DED221B681741001F6A3F /* CoreDataTestCase.swift in Sources */,
				14983CE21B557A170059A5CA /* HeadzupTests.swift in Sources */,
				140DED251B6817DB001F6A3F /* MetaData.swift in Sources */,
				140DED241B68179F001F6A3F /* MetaDataTest.swift in Sources */,
			);
			runOnlyForDeploymentPostprocessing = 0;
		};
/* End PBXSourcesBuildPhase section */

/* Begin PBXTargetDependency section */
		14983CDD1B557A170059A5CA /* PBXTargetDependency */ = {
			isa = PBXTargetDependency;
			target = 14983CC21B557A170059A5CA /* Headzup */;
			targetProxy = 14983CDC1B557A170059A5CA /* PBXContainerItemProxy */;
		};
/* End PBXTargetDependency section */

/* Begin PBXVariantGroup section */
		14983CCF1B557A170059A5CA /* Main.storyboard */ = {
			isa = PBXVariantGroup;
			children = (
				14983CD01B557A170059A5CA /* Base */,
			);
			name = Main.storyboard;
			sourceTree = "<group>";
		};
		14983CD41B557A170059A5CA /* LaunchScreen.xib */ = {
			isa = PBXVariantGroup;
			children = (
				14983CD51B557A170059A5CA /* Base */,
			);
			name = LaunchScreen.xib;
			sourceTree = "<group>";
		};
/* End PBXVariantGroup section */

/* Begin XCBuildConfiguration section */
		14983CE31B557A170059A5CA /* Debug */ = {
			isa = XCBuildConfiguration;
			buildSettings = {
				ALWAYS_SEARCH_USER_PATHS = NO;
				CLANG_CXX_LANGUAGE_STANDARD = "gnu++0x";
				CLANG_CXX_LIBRARY = "libc++";
				CLANG_ENABLE_MODULES = YES;
				CLANG_ENABLE_OBJC_ARC = YES;
				CLANG_WARN_BOOL_CONVERSION = YES;
				CLANG_WARN_CONSTANT_CONVERSION = YES;
				CLANG_WARN_DIRECT_OBJC_ISA_USAGE = YES_ERROR;
				CLANG_WARN_EMPTY_BODY = YES;
				CLANG_WARN_ENUM_CONVERSION = YES;
				CLANG_WARN_INT_CONVERSION = YES;
				CLANG_WARN_OBJC_ROOT_CLASS = YES_ERROR;
				CLANG_WARN_UNREACHABLE_CODE = YES;
				CLANG_WARN__DUPLICATE_METHOD_MATCH = YES;
				"CODE_SIGN_IDENTITY[sdk=iphoneos*]" = "iPhone Developer";
				COPY_PHASE_STRIP = NO;
				DEBUG_INFORMATION_FORMAT = "dwarf-with-dsym";
				ENABLE_STRICT_OBJC_MSGSEND = YES;
				ENABLE_TESTABILITY = YES;
				GCC_C_LANGUAGE_STANDARD = gnu99;
				GCC_DYNAMIC_NO_PIC = NO;
				GCC_NO_COMMON_BLOCKS = YES;
				GCC_OPTIMIZATION_LEVEL = 0;
				GCC_PREPROCESSOR_DEFINITIONS = (
					"DEBUG=1",
					"$(inherited)",
				);
				GCC_SYMBOLS_PRIVATE_EXTERN = NO;
				GCC_WARN_64_TO_32_BIT_CONVERSION = YES;
				GCC_WARN_ABOUT_RETURN_TYPE = YES_ERROR;
				GCC_WARN_UNDECLARED_SELECTOR = YES;
				GCC_WARN_UNINITIALIZED_AUTOS = YES_AGGRESSIVE;
				GCC_WARN_UNUSED_FUNCTION = YES;
				GCC_WARN_UNUSED_VARIABLE = YES;
				IPHONEOS_DEPLOYMENT_TARGET = 9.0;
				MTL_ENABLE_DEBUG_INFO = YES;
				ONLY_ACTIVE_ARCH = YES;
				SDKROOT = iphoneos;
				SWIFT_OPTIMIZATION_LEVEL = "-Onone";
				TARGETED_DEVICE_FAMILY = "1,2";
			};
			name = Debug;
		};
		14983CE41B557A170059A5CA /* Release */ = {
			isa = XCBuildConfiguration;
			buildSettings = {
				ALWAYS_SEARCH_USER_PATHS = NO;
				CLANG_CXX_LANGUAGE_STANDARD = "gnu++0x";
				CLANG_CXX_LIBRARY = "libc++";
				CLANG_ENABLE_MODULES = YES;
				CLANG_ENABLE_OBJC_ARC = YES;
				CLANG_WARN_BOOL_CONVERSION = YES;
				CLANG_WARN_CONSTANT_CONVERSION = YES;
				CLANG_WARN_DIRECT_OBJC_ISA_USAGE = YES_ERROR;
				CLANG_WARN_EMPTY_BODY = YES;
				CLANG_WARN_ENUM_CONVERSION = YES;
				CLANG_WARN_INT_CONVERSION = YES;
				CLANG_WARN_OBJC_ROOT_CLASS = YES_ERROR;
				CLANG_WARN_UNREACHABLE_CODE = YES;
				CLANG_WARN__DUPLICATE_METHOD_MATCH = YES;
				"CODE_SIGN_IDENTITY[sdk=iphoneos*]" = "iPhone Developer";
				COPY_PHASE_STRIP = NO;
				DEBUG_INFORMATION_FORMAT = "dwarf-with-dsym";
				ENABLE_NS_ASSERTIONS = NO;
				ENABLE_STRICT_OBJC_MSGSEND = YES;
				GCC_C_LANGUAGE_STANDARD = gnu99;
				GCC_NO_COMMON_BLOCKS = YES;
				GCC_WARN_64_TO_32_BIT_CONVERSION = YES;
				GCC_WARN_ABOUT_RETURN_TYPE = YES_ERROR;
				GCC_WARN_UNDECLARED_SELECTOR = YES;
				GCC_WARN_UNINITIALIZED_AUTOS = YES_AGGRESSIVE;
				GCC_WARN_UNUSED_FUNCTION = YES;
				GCC_WARN_UNUSED_VARIABLE = YES;
				IPHONEOS_DEPLOYMENT_TARGET = 9.0;
				MTL_ENABLE_DEBUG_INFO = NO;
				SDKROOT = iphoneos;
				TARGETED_DEVICE_FAMILY = "1,2";
				VALIDATE_PRODUCT = YES;
			};
			name = Release;
		};
		14983CE61B557A170059A5CA /* Debug */ = {
			isa = XCBuildConfiguration;
			baseConfigurationReference = 44426D2C4CC4237154DD34B8 /* Pods-Headzup.debug.xcconfig */;
			buildSettings = {
				ASSETCATALOG_COMPILER_APPICON_NAME = AppIcon;
				CLANG_ENABLE_MODULES = YES;
				CODE_SIGN_IDENTITY = "iPhone Developer";
				"CODE_SIGN_IDENTITY[sdk=iphoneos*]" = "iPhone Developer";
				INFOPLIST_FILE = Headzup/Info.plist;
				LD_RUNPATH_SEARCH_PATHS = "$(inherited) @executable_path/Frameworks";
				PRODUCT_BUNDLE_IDENTIFIER = "com.inflexxion.$(PRODUCT_NAME:rfc1034identifier)";
				PRODUCT_NAME = "$(TARGET_NAME)";
				PROVISIONING_PROFILE = "";
				SWIFT_OBJC_BRIDGING_HEADER = "Headzup/Headzup-Bridging-Header.h";
				SWIFT_OPTIMIZATION_LEVEL = "-Onone";
				TARGETED_DEVICE_FAMILY = 1;
			};
			name = Debug;
		};
		14983CE71B557A170059A5CA /* Release */ = {
			isa = XCBuildConfiguration;
			baseConfigurationReference = E3DE1C326902EC80C4B22B14 /* Pods-Headzup.release.xcconfig */;
			buildSettings = {
				ASSETCATALOG_COMPILER_APPICON_NAME = AppIcon;
				CLANG_ENABLE_MODULES = YES;
				CODE_SIGN_IDENTITY = "iPhone Developer";
				"CODE_SIGN_IDENTITY[sdk=iphoneos*]" = "iPhone Developer";
				INFOPLIST_FILE = Headzup/Info.plist;
				LD_RUNPATH_SEARCH_PATHS = "$(inherited) @executable_path/Frameworks";
				PRODUCT_BUNDLE_IDENTIFIER = "com.inflexxion.$(PRODUCT_NAME:rfc1034identifier)";
				PRODUCT_NAME = "$(TARGET_NAME)";
				PROVISIONING_PROFILE = "";
				SWIFT_OBJC_BRIDGING_HEADER = "Headzup/Headzup-Bridging-Header.h";
				TARGETED_DEVICE_FAMILY = 1;
			};
			name = Release;
		};
		14983CE91B557A170059A5CA /* Debug */ = {
			isa = XCBuildConfiguration;
			buildSettings = {
				BUNDLE_LOADER = "$(TEST_HOST)";
				FRAMEWORK_SEARCH_PATHS = (
					"$(SDKROOT)/Developer/Library/Frameworks",
					"$(inherited)",
				);
				GCC_PREPROCESSOR_DEFINITIONS = (
					"DEBUG=1",
					"$(inherited)",
				);
				INFOPLIST_FILE = HeadzupTests/Info.plist;
				LD_RUNPATH_SEARCH_PATHS = "$(inherited) @executable_path/Frameworks @loader_path/Frameworks";
				PRODUCT_BUNDLE_IDENTIFIER = "com.inflexxion.$(PRODUCT_NAME:rfc1034identifier)";
				PRODUCT_NAME = "$(TARGET_NAME)";
				TEST_HOST = "$(BUILT_PRODUCTS_DIR)/Headzup.app/Headzup";
			};
			name = Debug;
		};
		14983CEA1B557A170059A5CA /* Release */ = {
			isa = XCBuildConfiguration;
			buildSettings = {
				BUNDLE_LOADER = "$(TEST_HOST)";
				FRAMEWORK_SEARCH_PATHS = (
					"$(SDKROOT)/Developer/Library/Frameworks",
					"$(inherited)",
				);
				INFOPLIST_FILE = HeadzupTests/Info.plist;
				LD_RUNPATH_SEARCH_PATHS = "$(inherited) @executable_path/Frameworks @loader_path/Frameworks";
				PRODUCT_BUNDLE_IDENTIFIER = "com.inflexxion.$(PRODUCT_NAME:rfc1034identifier)";
				PRODUCT_NAME = "$(TARGET_NAME)";
				TEST_HOST = "$(BUILT_PRODUCTS_DIR)/Headzup.app/Headzup";
			};
			name = Release;
		};
/* End XCBuildConfiguration section */

/* Begin XCConfigurationList section */
		14983CBE1B557A170059A5CA /* Build configuration list for PBXProject "Headzup" */ = {
			isa = XCConfigurationList;
			buildConfigurations = (
				14983CE31B557A170059A5CA /* Debug */,
				14983CE41B557A170059A5CA /* Release */,
			);
			defaultConfigurationIsVisible = 0;
			defaultConfigurationName = Release;
		};
		14983CE51B557A170059A5CA /* Build configuration list for PBXNativeTarget "Headzup" */ = {
			isa = XCConfigurationList;
			buildConfigurations = (
				14983CE61B557A170059A5CA /* Debug */,
				14983CE71B557A170059A5CA /* Release */,
			);
			defaultConfigurationIsVisible = 0;
			defaultConfigurationName = Release;
		};
		14983CE81B557A170059A5CA /* Build configuration list for PBXNativeTarget "HeadzupTests" */ = {
			isa = XCConfigurationList;
			buildConfigurations = (
				14983CE91B557A170059A5CA /* Debug */,
				14983CEA1B557A170059A5CA /* Release */,
			);
			defaultConfigurationIsVisible = 0;
			defaultConfigurationName = Release;
		};
/* End XCConfigurationList section */

/* Begin XCVersionGroup section */
		14983CCA1B557A170059A5CA /* Headzup.xcdatamodeld */ = {
			isa = XCVersionGroup;
			children = (
				14983CCB1B557A170059A5CA /* Headzup.xcdatamodel */,
			);
			currentVersion = 14983CCB1B557A170059A5CA /* Headzup.xcdatamodel */;
			path = Headzup.xcdatamodeld;
			sourceTree = "<group>";
			versionGroupType = wrapper.xcdatamodel;
		};
/* End XCVersionGroup section */
	};
	rootObject = 14983CBB1B557A170059A5CA /* Project object */;
}
